PODS:
  - Alamofire (1.1.4)
  - Realm (0.90.6):
    - Realm/Headers (= 0.90.6)
  - Realm/Headers (0.90.6)

DEPENDENCIES:
  - Alamofire (from `https://github.com/rastersize/Alamofire`, branch `xcode63/fix-6.3b2-issue`)
  - Realm

EXTERNAL SOURCES:
  Alamofire:
    :branch: xcode63/fix-6.3b2-issue
    :git: https://github.com/rastersize/Alamofire

CHECKOUT OPTIONS:
  Alamofire:
    :commit: dc83fd40074683d96b7eb0238a3f3cfb46e2fd34
    :git: https://github.com/rastersize/Alamofire

SPEC CHECKSUMS:
  Alamofire: 7c87bf4a655df535791f4195bd803bf4f6c9c835
  Realm: 6c3facc11964ab9f828f47de6d0e9bf9c4d9c818

COCOAPODS: 0.36.0.beta.2
